
Microsoft Visual Studio Solution File, Format Version 12.00
# Visual Studio Version 16
VisualStudioVersion = 16.0.31112.23
MinimumVisualStudioVersion = 10.0.40219.1
Project("{FAE04EC0-301F-11D3-BF4B-00C04F79EFBC}") = "Word_NET_Core", "Word_NET_Core.csproj", "{56E6DF8A-6325-4C03-AE2F-C768D1E80131}"
EndProject
Global
	GlobalSection(SolutionConfigurationPlatforms) = preSolution
		Debug|Any CPU = Debug|Any CPU
		Release|Any CPU = Release|Any CPU
	EndGlobalSection
	GlobalSection(ProjectConfigurationPlatforms) = postSolution
		{56E6DF8A-6325-4C03-AE2F-C768D1E80131}.Debug|Any CPU.ActiveCfg = Debug|Any CPU
		{56E6DF8A-6325-4C03-AE2F-C768D1E80131}.Debug|Any CPU.Build.0 = Debug|Any CPU
		{56E6DF8A-6325-4C03-AE2F-C768D1E80131}.Release|Any CPU.ActiveCfg = Release|Any CPU
		{56E6DF8A-6325-4C03-AE2F-C768D1E80131}.Release|Any CPU.Build.0 = Release|Any CPU
	EndGlobalSection
	GlobalSection(SolutionProperties) = preSolution
		HideSolutionNode = FALSE
	EndGlobalSection
	GlobalSection(ExtensibilityGlobals) = postSolution
		SolutionGuid = {5FBC479B-A6C5-4742-BF05-AC453E6F7F5D}
	EndGlobalSection
EndGlobal
